
Microsoft Visual Studio Solution File, Format Version 12.00
# Visual Studio Version 16
VisualStudioVersion = 16.0.30907.101
MinimumVisualStudioVersion = 10.0.40219.1
Project("{FAE04EC0-301F-11D3-BF4B-00C04F79EFBC}") = "OOP", "OOP\OOP.csproj", "{12757425-7DB6-4F93-B84A-1A7648BD0F01}"
EndProject
Global
	GlobalSection(SolutionConfigurationPlatforms) = preSolution
		Debug|Any CPU = Debug|Any CPU
		Release|Any CPU = Release|Any CPU
	EndGlobalSection
	GlobalSection(ProjectConfigurationPlatforms) = postSolution
		{12757425-7DB6-4F93-B84A-1A7648BD0F01}.Debug|Any CPU.ActiveCfg = Debug|Any CPU
		{12757425-7DB6-4F93-B84A-1A7648BD0F01}.Debug|Any CPU.Build.0 = Debug|Any CPU
		{12757425-7DB6-4F93-B84A-1A7648BD0F01}.Release|Any CPU.ActiveCfg = Release|Any CPU
		{12757425-7DB6-4F93-B84A-1A7648BD0F01}.Release|Any CPU.Build.0 = Release|Any CPU
	EndGlobalSection
	GlobalSection(SolutionProperties) = preSolution
		HideSolutionNode = FALSE
	EndGlobalSection
	GlobalSection(ExtensibilityGlobals) = postSolution
		SolutionGuid = {825A39D1-45CD-4349-94C6-C907EBEDB2DF}
	EndGlobalSection
EndGlobal
